
Microsoft Visual Studio Solution File, Format Version 12.00
# Visual Studio 15
VisualStudioVersion = 15.0.26124.0
MinimumVisualStudioVersion = 15.0.26124.0
Project("{FAE04EC0-301F-11D3-BF4B-00C04F79EFBC}") = "OpenAPI.Generator", "OpenAPI.Generator\OpenAPI.Generator.csproj", "{C2C11219-10D3-44E6-AAAA-EB524440580C}"
EndProject
Project("{FAE04EC0-301F-11D3-BF4B-00C04F79EFBC}") = "OpenAPI.Generator.Tests", "OpenAPI.Generator.Tests\OpenAPI.Generator.Tests.csproj", "{BFF23571-B2DE-430E-A121-31E0685436FC}"
EndProject
Global
	GlobalSection(SolutionConfigurationPlatforms) = preSolution
		Debug|Any CPU = Debug|Any CPU
		Debug|x64 = Debug|x64
		Debug|x86 = Debug|x86
		Release|Any CPU = Release|Any CPU
		Release|x64 = Release|x64
		Release|x86 = Release|x86
	EndGlobalSection
	GlobalSection(SolutionProperties) = preSolution
		HideSolutionNode = FALSE
	EndGlobalSection
	GlobalSection(ProjectConfigurationPlatforms) = postSolution
		{C2C11219-10D3-44E6-AAAA-EB524440580C}.Debug|Any CPU.ActiveCfg = Debug|Any CPU
		{C2C11219-10D3-44E6-AAAA-EB524440580C}.Debug|Any CPU.Build.0 = Debug|Any CPU
		{C2C11219-10D3-44E6-AAAA-EB524440580C}.Debug|x64.ActiveCfg = Debug|Any CPU
		{C2C11219-10D3-44E6-AAAA-EB524440580C}.Debug|x64.Build.0 = Debug|Any CPU
		{C2C11219-10D3-44E6-AAAA-EB524440580C}.Debug|x86.ActiveCfg = Debug|Any CPU
		{C2C11219-10D3-44E6-AAAA-EB524440580C}.Debug|x86.Build.0 = Debug|Any CPU
		{C2C11219-10D3-44E6-AAAA-EB524440580C}.Release|Any CPU.ActiveCfg = Release|Any CPU
		{C2C11219-10D3-44E6-AAAA-EB524440580C}.Release|Any CPU.Build.0 = Release|Any CPU
		{C2C11219-10D3-44E6-AAAA-EB524440580C}.Release|x64.ActiveCfg = Release|Any CPU
		{C2C11219-10D3-44E6-AAAA-EB524440580C}.Release|x64.Build.0 = Release|Any CPU
		{C2C11219-10D3-44E6-AAAA-EB524440580C}.Release|x86.ActiveCfg = Release|Any CPU
		{C2C11219-10D3-44E6-AAAA-EB524440580C}.Release|x86.Build.0 = Release|Any CPU
		{BFF23571-B2DE-430E-A121-31E0685436FC}.Debug|Any CPU.ActiveCfg = Debug|Any CPU
		{BFF23571-B2DE-430E-A121-31E0685436FC}.Debug|Any CPU.Build.0 = Debug|Any CPU
		{BFF23571-B2DE-430E-A121-31E0685436FC}.Debug|x64.ActiveCfg = Debug|Any CPU
		{BFF23571-B2DE-430E-A121-31E0685436FC}.Debug|x64.Build.0 = Debug|Any CPU
		{BFF23571-B2DE-430E-A121-31E0685436FC}.Debug|x86.ActiveCfg = Debug|Any CPU
		{BFF23571-B2DE-430E-A121-31E0685436FC}.Debug|x86.Build.0 = Debug|Any CPU
		{BFF23571-B2DE-430E-A121-31E0685436FC}.Release|Any CPU.ActiveCfg = Release|Any CPU
		{BFF23571-B2DE-430E-A121-31E0685436FC}.Release|Any CPU.Build.0 = Release|Any CPU
		{BFF23571-B2DE-430E-A121-31E0685436FC}.Release|x64.ActiveCfg = Release|Any CPU
		{BFF23571-B2DE-430E-A121-31E0685436FC}.Release|x64.Build.0 = Release|Any CPU
		{BFF23571-B2DE-430E-A121-31E0685436FC}.Release|x86.ActiveCfg = Release|Any CPU
		{BFF23571-B2DE-430E-A121-31E0685436FC}.Release|x86.Build.0 = Release|Any CPU
	EndGlobalSection
EndGlobal
